
Microsoft Visual Studio Solution File, Format Version 12.00
# Visual Studio Version 17
VisualStudioVersion = 17.8.34212.112
MinimumVisualStudioVersion = 10.0.40219.1
Project("{9A19103F-16F7-4668-BE54-9A1E7A4F7556}") = "ConsoleApp", "ConsoleApp\ConsoleApp\ConsoleApp.csproj", "{FF6862D7-8EDA-4396-A98F-8EC73D8041B2}"
EndProject
Project("{2150E333-8FDC-42A3-9474-1A3956D46DE8}") = "Solution Items", "Solution Items", "{15B9495C-DFE5-4D14-9B73-5A23D5A4C18A}"
	ProjectSection(SolutionItems) = preProject
		.editorconfig = .editorconfig
	EndProjectSection
EndProject
Project("{2150E333-8FDC-42A3-9474-1A3956D46DE8}") = "Console", "Console", "{4D67E9D8-91FF-404F-B61C-C9BE0A67AC3C}"
EndProject
Project("{2150E333-8FDC-42A3-9474-1A3956D46DE8}") = "ASP.NET Core", "ASP.NET Core", "{014DF596-D0F8-45EF-9F99-A386F15392C6}"
EndProject
Project("{2150E333-8FDC-42A3-9474-1A3956D46DE8}") = "Entity Framework Core", "Entity Framework Core", "{CFDE8CBC-760B-454C-B642-46CA50704555}"
EndProject
Project("{9A19103F-16F7-4668-BE54-9A1E7A4F7556}") = "ConsoleApp.BusinessLayer", "ConsoleApp\ConsoleApp.BusinessLayer\ConsoleApp.BusinessLayer.csproj", "{719A2A85-2E2D-46D5-84AA-F5835F82A32F}"
EndProject
Project("{9A19103F-16F7-4668-BE54-9A1E7A4F7556}") = "WebApi", "AspNetCore\WebApi\WebApi.csproj", "{83FC2F0D-7242-4344-9013-E83ABF9F47B7}"
EndProject
Project("{9A19103F-16F7-4668-BE54-9A1E7A4F7556}") = "EntityFrameworkCoreApp", "EntityFrameworkCore\EntityFrameworkCoreApp\EntityFrameworkCoreApp.csproj", "{0ABA0334-2F19-4C73-B36E-F38EB53C923C}"
EndProject
Project("{9A19103F-16F7-4668-BE54-9A1E7A4F7556}") = "WebApi.BusinessLayer", "AspNetCore\WebApi.BusinessLayer\WebApi.BusinessLayer.csproj", "{14BB5677-A85C-438C-8B17-AFF43C0D7D7C}"
EndProject
Project("{FAE04EC0-301F-11D3-BF4B-00C04F79EFBC}") = "WebApi.Debugging", "AspNetCore\WebApi.Debugging\WebApi.Debugging.csproj", "{D608C8B9-461F-41B9-A056-D0611F5BFBF0}"
EndProject
Global
	GlobalSection(SolutionConfigurationPlatforms) = preSolution
		Debug|Any CPU = Debug|Any CPU
		Release|Any CPU = Release|Any CPU
	EndGlobalSection
	GlobalSection(ProjectConfigurationPlatforms) = postSolution
		{FF6862D7-8EDA-4396-A98F-8EC73D8041B2}.Debug|Any CPU.ActiveCfg = Debug|Any CPU
		{FF6862D7-8EDA-4396-A98F-8EC73D8041B2}.Debug|Any CPU.Build.0 = Debug|Any CPU
		{FF6862D7-8EDA-4396-A98F-8EC73D8041B2}.Release|Any CPU.ActiveCfg = Release|Any CPU
		{FF6862D7-8EDA-4396-A98F-8EC73D8041B2}.Release|Any CPU.Build.0 = Release|Any CPU
		{719A2A85-2E2D-46D5-84AA-F5835F82A32F}.Debug|Any CPU.ActiveCfg = Debug|Any CPU
		{719A2A85-2E2D-46D5-84AA-F5835F82A32F}.Debug|Any CPU.Build.0 = Debug|Any CPU
		{719A2A85-2E2D-46D5-84AA-F5835F82A32F}.Release|Any CPU.ActiveCfg = Release|Any CPU
		{719A2A85-2E2D-46D5-84AA-F5835F82A32F}.Release|Any CPU.Build.0 = Release|Any CPU
		{83FC2F0D-7242-4344-9013-E83ABF9F47B7}.Debug|Any CPU.ActiveCfg = Debug|Any CPU
		{83FC2F0D-7242-4344-9013-E83ABF9F47B7}.Debug|Any CPU.Build.0 = Debug|Any CPU
		{83FC2F0D-7242-4344-9013-E83ABF9F47B7}.Release|Any CPU.ActiveCfg = Release|Any CPU
		{83FC2F0D-7242-4344-9013-E83ABF9F47B7}.Release|Any CPU.Build.0 = Release|Any CPU
		{0ABA0334-2F19-4C73-B36E-F38EB53C923C}.Debug|Any CPU.ActiveCfg = Debug|Any CPU
		{0ABA0334-2F19-4C73-B36E-F38EB53C923C}.Debug|Any CPU.Build.0 = Debug|Any CPU
		{0ABA0334-2F19-4C73-B36E-F38EB53C923C}.Release|Any CPU.ActiveCfg = Release|Any CPU
		{0ABA0334-2F19-4C73-B36E-F38EB53C923C}.Release|Any CPU.Build.0 = Release|Any CPU
		{14BB5677-A85C-438C-8B17-AFF43C0D7D7C}.Debug|Any CPU.ActiveCfg = Debug|Any CPU
		{14BB5677-A85C-438C-8B17-AFF43C0D7D7C}.Debug|Any CPU.Build.0 = Debug|Any CPU
		{14BB5677-A85C-438C-8B17-AFF43C0D7D7C}.Release|Any CPU.ActiveCfg = Release|Any CPU
		{14BB5677-A85C-438C-8B17-AFF43C0D7D7C}.Release|Any CPU.Build.0 = Release|Any CPU
		{D608C8B9-461F-41B9-A056-D0611F5BFBF0}.Debug|Any CPU.ActiveCfg = Debug|Any CPU
		{D608C8B9-461F-41B9-A056-D0611F5BFBF0}.Debug|Any CPU.Build.0 = Debug|Any CPU
		{D608C8B9-461F-41B9-A056-D0611F5BFBF0}.Release|Any CPU.ActiveCfg = Release|Any CPU
		{D608C8B9-461F-41B9-A056-D0611F5BFBF0}.Release|Any CPU.Build.0 = Release|Any CPU
	EndGlobalSection
	GlobalSection(SolutionProperties) = preSolution
		HideSolutionNode = FALSE
	EndGlobalSection
	GlobalSection(NestedProjects) = preSolution
		{FF6862D7-8EDA-4396-A98F-8EC73D8041B2} = {4D67E9D8-91FF-404F-B61C-C9BE0A67AC3C}
		{719A2A85-2E2D-46D5-84AA-F5835F82A32F} = {4D67E9D8-91FF-404F-B61C-C9BE0A67AC3C}
		{83FC2F0D-7242-4344-9013-E83ABF9F47B7} = {014DF596-D0F8-45EF-9F99-A386F15392C6}
		{0ABA0334-2F19-4C73-B36E-F38EB53C923C} = {CFDE8CBC-760B-454C-B642-46CA50704555}
		{14BB5677-A85C-438C-8B17-AFF43C0D7D7C} = {014DF596-D0F8-45EF-9F99-A386F15392C6}
		{D608C8B9-461F-41B9-A056-D0611F5BFBF0} = {014DF596-D0F8-45EF-9F99-A386F15392C6}
	EndGlobalSection
	GlobalSection(ExtensibilityGlobals) = postSolution
		SolutionGuid = {DBAB4E37-E162-47CB-A7F0-3C8CBBD7B832}
	EndGlobalSection
EndGlobal
